
Microsoft Visual Studio Solution File, Format Version 12.00
# Visual Studio Version 17
VisualStudioVersion = 17.6.33829.357
MinimumVisualStudioVersion = 10.0.40219.1
Project("{9A19103F-16F7-4668-BE54-9A1E7A4F7556}") = "WebApi", "WebApi\WebApi.csproj", "{91DF0EDE-8671-4EC9-B3A6-6F2CCAB44591}"
EndProject
Global
	GlobalSection(SolutionConfigurationPlatforms) = preSolution
		Debug|Any CPU = Debug|Any CPU
		Release|Any CPU = Release|Any CPU
	EndGlobalSection
	GlobalSection(ProjectConfigurationPlatforms) = postSolution
		{91DF0EDE-8671-4EC9-B3A6-6F2CCAB44591}.Debug|Any CPU.ActiveCfg = Debug|Any CPU
		{91DF0EDE-8671-4EC9-B3A6-6F2CCAB44591}.Debug|Any CPU.Build.0 = Debug|Any CPU
		{91DF0EDE-8671-4EC9-B3A6-6F2CCAB44591}.Release|Any CPU.ActiveCfg = Release|Any CPU
		{91DF0EDE-8671-4EC9-B3A6-6F2CCAB44591}.Release|Any CPU.Build.0 = Release|Any CPU
	EndGlobalSection
	GlobalSection(SolutionProperties) = preSolution
		HideSolutionNode = FALSE
	EndGlobalSection
	GlobalSection(ExtensibilityGlobals) = postSolution
		SolutionGuid = {5236DDEA-B25F-4BD7-8278-2E4841198640}
	EndGlobalSection
EndGlobal
